
Microsoft Visual Studio Solution File, Format Version 12.00
# Visual Studio Version 17
VisualStudioVersion = 17.0.31903.59
MinimumVisualStudioVersion = 10.0.40219.1
Project("{9A19103F-16F7-4668-BE54-9A1E7A4F7556}") = "TechTalks.Generators.Demo", "source\TechTalks.Generators.Demo\TechTalks.Generators.Demo.csproj", "{43212EFD-C027-4222-A858-04AEF27E0A3C}"
EndProject
Project("{9A19103F-16F7-4668-BE54-9A1E7A4F7556}") = "TechTalks.Generators", "source\TechTalks.Generators\TechTalks.Generators.csproj", "{1BFC8E05-6A49-4FC2-8FEC-C4FA9B19E361}"
EndProject
Project("{FAE04EC0-301F-11D3-BF4B-00C04F79EFBC}") = "TechTalks.Generators.Benchmarks", "source\TechTalks.Generators.Benchmarks\TechTalks.Generators.Benchmarks.csproj", "{39FED651-D514-42D9-A953-1DD5CC519035}"
EndProject
Global
	GlobalSection(SolutionConfigurationPlatforms) = preSolution
		Debug|Any CPU = Debug|Any CPU
		Release|Any CPU = Release|Any CPU
	EndGlobalSection
	GlobalSection(ProjectConfigurationPlatforms) = postSolution
		{43212EFD-C027-4222-A858-04AEF27E0A3C}.Debug|Any CPU.ActiveCfg = Debug|Any CPU
		{43212EFD-C027-4222-A858-04AEF27E0A3C}.Debug|Any CPU.Build.0 = Debug|Any CPU
		{43212EFD-C027-4222-A858-04AEF27E0A3C}.Release|Any CPU.ActiveCfg = Release|Any CPU
		{43212EFD-C027-4222-A858-04AEF27E0A3C}.Release|Any CPU.Build.0 = Release|Any CPU
		{1BFC8E05-6A49-4FC2-8FEC-C4FA9B19E361}.Debug|Any CPU.ActiveCfg = Debug|Any CPU
		{1BFC8E05-6A49-4FC2-8FEC-C4FA9B19E361}.Debug|Any CPU.Build.0 = Debug|Any CPU
		{1BFC8E05-6A49-4FC2-8FEC-C4FA9B19E361}.Release|Any CPU.ActiveCfg = Release|Any CPU
		{1BFC8E05-6A49-4FC2-8FEC-C4FA9B19E361}.Release|Any CPU.Build.0 = Release|Any CPU
		{39FED651-D514-42D9-A953-1DD5CC519035}.Debug|Any CPU.ActiveCfg = Debug|Any CPU
		{39FED651-D514-42D9-A953-1DD5CC519035}.Debug|Any CPU.Build.0 = Debug|Any CPU
		{39FED651-D514-42D9-A953-1DD5CC519035}.Release|Any CPU.ActiveCfg = Release|Any CPU
		{39FED651-D514-42D9-A953-1DD5CC519035}.Release|Any CPU.Build.0 = Release|Any CPU
	EndGlobalSection
	GlobalSection(SolutionProperties) = preSolution
		HideSolutionNode = FALSE
	EndGlobalSection
	GlobalSection(ExtensibilityGlobals) = postSolution
		SolutionGuid = {72B101A6-1B1A-4FF7-9B95-0CBB8C11F698}
	EndGlobalSection
EndGlobal
